// !$*UTF8*$!
{
	archiveVersion = 1;
	classes = {
	};
	objectVersion = 55;
	objects = {

/* Begin PBXBuildFile section */
		DD147C36291BB0DF0031CDD7 /* ArtCoverCell.swift in Sources */ = {isa = PBXBuildFile; fileRef = DD147C35291BB0DE0031CDD7 /* ArtCoverCell.swift */; };
		DD147C38291BB5B90031CDD7 /* Track.swift in Sources */ = {isa = PBXBuildFile; fileRef = DD147C37291BB5B90031CDD7 /* Track.swift */; };
		DD17F79B2919991C00B72ADB /* AppDelegate.swift in Sources */ = {isa = PBXBuildFile; fileRef = DD17F79A2919991C00B72ADB /* AppDelegate.swift */; };
		DD17F79D2919991C00B72ADB /* SceneDelegate.swift in Sources */ = {isa = PBXBuildFile; fileRef = DD17F79C2919991C00B72ADB /* SceneDelegate.swift */; };
		DD17F7A22919991C00B72ADB /* Main.storyboard in Resources */ = {isa = PBXBuildFile; fileRef = DD17F7A02919991C00B72ADB /* Main.storyboard */; };
		DD17F7A42919992000B72ADB /* Assets.xcassets in Resources */ = {isa = PBXBuildFile; fileRef = DD17F7A32919992000B72ADB /* Assets.xcassets */; };
		DD17F7A72919992000B72ADB /* LaunchScreen.storyboard in Resources */ = {isa = PBXBuildFile; fileRef = DD17F7A52919992000B72ADB /* LaunchScreen.storyboard */; };
		DD17F7AF29199A1D00B72ADB /* PreviewPage.swift in Sources */ = {isa = PBXBuildFile; fileRef = DD17F7AE29199A1D00B72ADB /* PreviewPage.swift */; };
		DD2FCD35291CF1580040C8F9 /* DetailViewController.swift in Sources */ = {isa = PBXBuildFile; fileRef = DD2FCD34291CF1580040C8F9 /* DetailViewController.swift */; };
/* End PBXBuildFile section */

/* Begin PBXFileReference section */
		DD147C35291BB0DE0031CDD7 /* ArtCoverCell.swift */ = {isa = PBXFileReference; lastKnownFileType = sourcecode.swift; path = ArtCoverCell.swift; sourceTree = "<group>"; };
		DD147C37291BB5B90031CDD7 /* Track.swift */ = {isa = PBXFileReference; lastKnownFileType = sourcecode.swift; path = Track.swift; sourceTree = "<group>"; };
		DD17F7972919991C00B72ADB /* ArtCoverCollectionView.app */ = {isa = PBXFileReference; explicitFileType = wrapper.application; includeInIndex = 0; path = ArtCoverCollectionView.app; sourceTree = BUILT_PRODUCTS_DIR; };
		DD17F79A2919991C00B72ADB /* AppDelegate.swift */ = {isa = PBXFileReference; lastKnownFileType = sourcecode.swift; path = AppDelegate.swift; sourceTree = "<group>"; };
		DD17F79C2919991C00B72ADB /* SceneDelegate.swift */ = {isa = PBXFileReference; lastKnownFileType = sourcecode.swift; path = SceneDelegate.swift; sourceTree = "<group>"; };
		DD17F7A12919991C00B72ADB /* Base */ = {isa = PBXFileReference; lastKnownFileType = file.storyboard; name = Base; path = Base.lproj/Main.storyboard; sourceTree = "<group>"; };
		DD17F7A32919992000B72ADB /* Assets.xcassets */ = {isa = PBXFileReference; lastKnownFileType = folder.assetcatalog; path = Assets.xcassets; sourceTree = "<group>"; };
		DD17F7A62919992000B72ADB /* Base */ = {isa = PBXFileReference; lastKnownFileType = file.storyboard; name = Base; path = Base.lproj/LaunchScreen.storyboard; sourceTree = "<group>"; };
		DD17F7A82919992000B72ADB /* Info.plist */ = {isa = PBXFileReference; lastKnownFileType = text.plist.xml; path = Info.plist; sourceTree = "<group>"; };
		DD17F7AE29199A1D00B72ADB /* PreviewPage.swift */ = {isa = PBXFileReference; lastKnownFileType = sourcecode.swift; path = PreviewPage.swift; sourceTree = "<group>"; };
		DD2FCD34291CF1580040C8F9 /* DetailViewController.swift */ = {isa = PBXFileReference; lastKnownFileType = sourcecode.swift; path = DetailViewController.swift; sourceTree = "<group>"; };
/* End PBXFileReference section */

/* Begin PBXFrameworksBuildPhase section */
		DD17F7942919991C00B72ADB /* Frameworks */ = {
			isa = PBXFrameworksBuildPhase;
			buildActionMask = 2147483647;
			files = (
			);
			runOnlyForDeploymentPostprocessing = 0;
		};
/* End PBXFrameworksBuildPhase section */

/* Begin PBXGroup section */
		DD17F78E2919991C00B72ADB = {
			isa = PBXGroup;
			children = (
				DD17F7992919991C00B72ADB /* ArtCoverCollectionView */,
				DD17F7982919991C00B72ADB /* Products */,
			);
			sourceTree = "<group>";
		};
		DD17F7982919991C00B72ADB /* Products */ = {
			isa = PBXGroup;
			children = (
				DD17F7972919991C00B72ADB /* ArtCoverCollectionView.app */,
			);
			name = Products;
			sourceTree = "<group>";
		};
		DD17F7992919991C00B72ADB /* ArtCoverCollectionView */ = {
			isa = PBXGroup;
			children = (
				DD17F79A2919991C00B72ADB /* AppDelegate.swift */,
				DD17F79C2919991C00B72ADB /* SceneDelegate.swift */,
				DD147C37291BB5B90031CDD7 /* Track.swift */,
				DD17F7AE29199A1D00B72ADB /* PreviewPage.swift */,
				DD147C35291BB0DE0031CDD7 /* ArtCoverCell.swift */,
				DD2FCD34291CF1580040C8F9 /* DetailViewController.swift */,
				DD17F7A02919991C00B72ADB /* Main.storyboard */,
				DD17F7A32919992000B72ADB /* Assets.xcassets */,
				DD17F7A52919992000B72ADB /* LaunchScreen.storyboard */,
				DD17F7A82919992000B72ADB /* Info.plist */,
			);
			path = ArtCoverCollectionView;
			sourceTree = "<group>";
		};
/* End PBXGroup section */

/* Begin PBXNativeTarget section */
		DD17F7962919991C00B72ADB /* ArtCoverCollectionView */ = {
			isa = PBXNativeTarget;
			buildConfigurationList = DD17F7AB2919992000B72ADB /* Build configuration list for PBXNativeTarget "ArtCoverCollectionView" */;
			buildPhases = (
				DD17F7932919991C00B72ADB /* Sources */,
				DD17F7942919991C00B72ADB /* Frameworks */,
				DD17F7952919991C00B72ADB /* Resources */,
			);
			buildRules = (
			);
			dependencies = (
			);
			name = ArtCoverCollectionView;
			productName = ArtCoverCollectionView;
			productReference = DD17F7972919991C00B72ADB /* ArtCoverCollectionView.app */;
			productType = "com.apple.product-type.application";
		};
/* End PBXNativeTarget section */

/* Begin PBXProject section */
		DD17F78F2919991C00B72ADB /* Project object */ = {
			isa = PBXProject;
			attributes = {
				BuildIndependentTargetsInParallel = 1;
				LastSwiftUpdateCheck = 1330;
				LastUpgradeCheck = 1330;
				TargetAttributes = {
					DD17F7962919991C00B72ADB = {
						CreatedOnToolsVersion = 13.3;
					};
				};
			};
			buildConfigurationList = DD17F7922919991C00B72ADB /* Build configuration list for PBXProject "ArtCoverCollectionView" */;
			compatibilityVersion = "Xcode 13.0";
			developmentRegion = en;
			hasScannedForEncodings = 0;
			knownRegions = (
				en,
				Base,
			);
			mainGroup = DD17F78E2919991C00B72ADB;
			productRefGroup = DD17F7982919991C00B72ADB /* Products */;
			projectDirPath = "";
			projectRoot = "";
			targets = (
				DD17F7962919991C00B72ADB /* ArtCoverCollectionView */,
			);
		};
/* End PBXProject section */

/* Begin PBXResourcesBuildPhase section */
		DD17F7952919991C00B72ADB /* Resources */ = {
			isa = PBXResourcesBuildPhase;
			buildActionMask = 2147483647;
			files = (
				DD17F7A72919992000B72ADB /* LaunchScreen.storyboard in Resources */,
				DD17F7A42919992000B72ADB /* Assets.xcassets in Resources */,
				DD17F7A22919991C00B72ADB /* Main.storyboard in Resources */,
			);
			runOnlyForDeploymentPostprocessing = 0;
		};
/* End PBXResourcesBuildPhase section */

/* Begin PBXSourcesBuildPhase section */
		DD17F7932919991C00B72ADB /* Sources */ = {
			isa = PBXSourcesBuildPhase;
			buildActionMask = 2147483647;
			files = (
				DD17F7AF29199A1D00B72ADB /* PreviewPage.swift in Sources */,
				DD147C38291BB5B90031CDD7 /* Track.swift in Sources */,
				DD17F79B2919991C00B72ADB /* AppDelegate.swift in Sources */,
				DD2FCD35291CF1580040C8F9 /* DetailViewController.swift in Sources */,
				DD17F79D2919991C00B72ADB /* SceneDelegate.swift in Sources */,
				DD147C36291BB0DF0031CDD7 /* ArtCoverCell.swift in Sources */,
			);
			runOnlyForDeploymentPostprocessing = 0;
		};
/* End PBXSourcesBuildPhase section */

/* Begin PBXVariantGroup section */
		DD17F7A02919991C00B72ADB /* Main.storyboard */ = {
			isa = PBXVariantGroup;
			children = (
				DD17F7A12919991C00B72ADB /* Base */,
			);
			name = Main.storyboard;
			sourceTree = "<group>";
		};
		DD17F7A52919992000B72ADB /* LaunchScreen.storyboard */ = {
			isa = PBXVariantGroup;
			children = (
				DD17F7A62919992000B72ADB /* Base */,
			);
			name = LaunchScreen.storyboard;
			sourceTree = "<group>";
		};
/* End PBXVariantGroup section */

/* Begin XCBuildConfiguration section */
		DD17F7A92919992000B72ADB /* Debug */ = {
			isa = XCBuildConfiguration;
			buildSettings = {
				ALWAYS_SEARCH_USER_PATHS = NO;
				CLANG_ANALYZER_NONNULL = YES;
				CLANG_ANALYZER_NUMBER_OBJECT_CONVERSION = YES_AGGRESSIVE;
				CLANG_CXX_LANGUAGE_STANDARD = "gnu++17";
				CLANG_ENABLE_MODULES = YES;
				CLANG_ENABLE_OBJC_ARC = YES;
				CLANG_ENABLE_OBJC_WEAK = YES;
				CLANG_WARN_BLOCK_CAPTURE_AUTORELEASING = YES;
				CLANG_WARN_BOOL_CONVERSION = YES;
				CLANG_WARN_COMMA = YES;
				CLANG_WARN_CONSTANT_CONVERSION = YES;
				CLANG_WARN_DEPRECATED_OBJC_IMPLEMENTATIONS = YES;
				CLANG_WARN_DIRECT_OBJC_ISA_USAGE = YES_ERROR;
				CLANG_WARN_DOCUMENTATION_COMMENTS = YES;
				CLANG_WARN_EMPTY_BODY = YES;
				CLANG_WARN_ENUM_CONVERSION = YES;
				CLANG_WARN_INFINITE_RECURSION = YES;
				CLANG_WARN_INT_CONVERSION = YES;
				CLANG_WARN_NON_LITERAL_NULL_CONVERSION = YES;
				CLANG_WARN_OBJC_IMPLICIT_RETAIN_SELF = YES;
				CLANG_WARN_OBJC_LITERAL_CONVERSION = YES;
				CLANG_WARN_OBJC_ROOT_CLASS = YES_ERROR;
				CLANG_WARN_QUOTED_INCLUDE_IN_FRAMEWORK_HEADER = YES;
				CLANG_WARN_RANGE_LOOP_ANALYSIS = YES;
				CLANG_WARN_STRICT_PROTOTYPES = YES;
				CLANG_WARN_SUSPICIOUS_MOVE = YES;
				CLANG_WARN_UNGUARDED_AVAILABILITY = YES_AGGRESSIVE;
				CLANG_WARN_UNREACHABLE_CODE = YES;
				CLANG_WARN__DUPLICATE_METHOD_MATCH = YES;
				COPY_PHASE_STRIP = NO;
				DEBUG_INFORMATION_FORMAT = dwarf;
				ENABLE_STRICT_OBJC_MSGSEND = YES;
				ENABLE_TESTABILITY = YES;
				GCC_C_LANGUAGE_STANDARD = gnu11;
				GCC_DYNAMIC_NO_PIC = NO;
				GCC_NO_COMMON_BLOCKS = YES;
				GCC_OPTIMIZATION_LEVEL = 0;
				GCC_PREPROCESSOR_DEFINITIONS = (
					"DEBUG=1",
					"$(inherited)",
				);
				GCC_WARN_64_TO_32_BIT_CONVERSION = YES;
				GCC_WARN_ABOUT_RETURN_TYPE = YES_ERROR;
				GCC_WARN_UNDECLARED_SELECTOR = YES;
				GCC_WARN_UNINITIALIZED_AUTOS = YES_AGGRESSIVE;
				GCC_WARN_UNUSED_FUNCTION = YES;
				GCC_WARN_UNUSED_VARIABLE = YES;
				IPHONEOS_DEPLOYMENT_TARGET = 15.4;
				MTL_ENABLE_DEBUG_INFO = INCLUDE_SOURCE;
				MTL_FAST_MATH = YES;
				ONLY_ACTIVE_ARCH = YES;
				SDKROOT = iphoneos;
				SWIFT_ACTIVE_COMPILATION_CONDITIONS = DEBUG;
				SWIFT_OPTIMIZATION_LEVEL = "-Onone";
			};
			name = Debug;
		};
		DD17F7AA2919992000B72ADB /* Release */ = {
			isa = XCBuildConfiguration;
			buildSettings = {
				ALWAYS_SEARCH_USER_PATHS = NO;
				CLANG_ANALYZER_NONNULL = YES;
				CLANG_ANALYZER_NUMBER_OBJECT_CONVERSION = YES_AGGRESSIVE;
				CLANG_CXX_LANGUAGE_STANDARD = "gnu++17";
				CLANG_ENABLE_MODULES = YES;
				CLANG_ENABLE_OBJC_ARC = YES;
				CLANG_ENABLE_OBJC_WEAK = YES;
				CLANG_WARN_BLOCK_CAPTURE_AUTORELEASING = YES;
				CLANG_WARN_BOOL_CONVERSION = YES;
				CLANG_WARN_COMMA = YES;
				CLANG_WARN_CONSTANT_CONVERSION = YES;
				CLANG_WARN_DEPRECATED_OBJC_IMPLEMENTATIONS = YES;
				CLANG_WARN_DIRECT_OBJC_ISA_USAGE = YES_ERROR;
				CLANG_WARN_DOCUMENTATION_COMMENTS = YES;
				CLANG_WARN_EMPTY_BODY = YES;
				CLANG_WARN_ENUM_CONVERSION = YES;
				CLANG_WARN_INFINITE_RECURSION = YES;
				CLANG_WARN_INT_CONVERSION = YES;
				CLANG_WARN_NON_LITERAL_NULL_CONVERSION = YES;
				CLANG_WARN_OBJC_IMPLICIT_RETAIN_SELF = YES;
				CLANG_WARN_OBJC_LITERAL_CONVERSION = YES;
				CLANG_WARN_OBJC_ROOT_CLASS = YES_ERROR;
				CLANG_WARN_QUOTED_INCLUDE_IN_FRAMEWORK_HEADER = YES;
				CLANG_WARN_RANGE_LOOP_ANALYSIS = YES;
				CLANG_WARN_STRICT_PROTOTYPES = YES;
				CLANG_WARN_SUSPICIOUS_MOVE = YES;
				CLANG_WARN_UNGUARDED_AVAILABILITY = YES_AGGRESSIVE;
				CLANG_WARN_UNREACHABLE_CODE = YES;
				CLANG_WARN__DUPLICATE_METHOD_MATCH = YES;
				COPY_PHASE_STRIP = NO;
				DEBUG_INFORMATION_FORMAT = "dwarf-with-dsym";
				ENABLE_NS_ASSERTIONS = NO;
				ENABLE_STRICT_OBJC_MSGSEND = YES;
				GCC_C_LANGUAGE_STANDARD = gnu11;
				GCC_NO_COMMON_BLOCKS = YES;
				GCC_WARN_64_TO_32_BIT_CONVERSION = YES;
				GCC_WARN_ABOUT_RETURN_TYPE = YES_ERROR;
				GCC_WARN_UNDECLARED_SELECTOR = YES;
				GCC_WARN_UNINITIALIZED_AUTOS = YES_AGGRESSIVE;
				GCC_WARN_UNUSED_FUNCTION = YES;
				GCC_WARN_UNUSED_VARIABLE = YES;
				IPHONEOS_DEPLOYMENT_TARGET = 15.4;
				MTL_ENABLE_DEBUG_INFO = NO;
				MTL_FAST_MATH = YES;
				SDKROOT = iphoneos;
				SWIFT_COMPILATION_MODE = wholemodule;
				SWIFT_OPTIMIZATION_LEVEL = "-O";
				VALIDATE_PRODUCT = YES;
			};
			name = Release;
		};
		DD17F7AC2919992000B72ADB /* Debug */ = {
			isa = XCBuildConfiguration;
			buildSettings = {
				ASSETCATALOG_COMPILER_APPICON_NAME = AppIcon;
				ASSETCATALOG_COMPILER_GLOBAL_ACCENT_COLOR_NAME = AccentColor;
				CODE_SIGN_STYLE = Automatic;
				CURRENT_PROJECT_VERSION = 1;
				DEVELOPMENT_TEAM = F5T2KNU2K8;
				GENERATE_INFOPLIST_FILE = YES;
				INFOPLIST_FILE = ArtCoverCollectionView/Info.plist;
				INFOPLIST_KEY_UIApplicationSupportsIndirectInputEvents = YES;
				INFOPLIST_KEY_UILaunchStoryboardName = LaunchScreen;
				INFOPLIST_KEY_UIMainStoryboardFile = Main;
				INFOPLIST_KEY_UISupportedInterfaceOrientations_iPad = "UIInterfaceOrientationPortrait UIInterfaceOrientationPortraitUpsideDown UIInterfaceOrientationLandscapeLeft UIInterfaceOrientationLandscapeRight";
				INFOPLIST_KEY_UISupportedInterfaceOrientations_iPhone = "UIInterfaceOrientationPortrait UIInterfaceOrientationLandscapeLeft UIInterfaceOrientationLandscapeRight";
				LD_RUNPATH_SEARCH_PATHS = (
					"$(inherited)",
					"@executable_path/Frameworks",
				);
				MARKETING_VERSION = 1.0;
				PRODUCT_BUNDLE_IDENTIFIER = com.androsenkoartem.ArtCoverCollectionView;
				PRODUCT_NAME = "$(TARGET_NAME)";
				SWIFT_EMIT_LOC_STRINGS = YES;
				SWIFT_VERSION = 5.0;
				TARGETED_DEVICE_FAMILY = "1,2";
			};
			name = Debug;
		};
		DD17F7AD2919992000B72ADB /* Release */ = {
			isa = XCBuildConfiguration;
			buildSettings = {
				ASSETCATALOG_COMPILER_APPICON_NAME = AppIcon;
				ASSETCATALOG_COMPILER_GLOBAL_ACCENT_COLOR_NAME = AccentColor;
				CODE_SIGN_STYLE = Automatic;
				CURRENT_PROJECT_VERSION = 1;
				DEVELOPMENT_TEAM = F5T2KNU2K8;
				GENERATE_INFOPLIST_FILE = YES;
				INFOPLIST_FILE = ArtCoverCollectionView/Info.plist;
				INFOPLIST_KEY_UIApplicationSupportsIndirectInputEvents = YES;
				INFOPLIST_KEY_UILaunchStoryboardName = LaunchScreen;
				INFOPLIST_KEY_UIMainStoryboardFile = Main;
				INFOPLIST_KEY_UISupportedInterfaceOrientations_iPad = "UIInterfaceOrientationPortrait UIInterfaceOrientationPortraitUpsideDown UIInterfaceOrientationLandscapeLeft UIInterfaceOrientationLandscapeRight";
				INFOPLIST_KEY_UISupportedInterfaceOrientations_iPhone = "UIInterfaceOrientationPortrait UIInterfaceOrientationLandscapeLeft UIInterfaceOrientationLandscapeRight";
				LD_RUNPATH_SEARCH_PATHS = (
					"$(inherited)",
					"@executable_path/Frameworks",
				);
				MARKETING_VERSION = 1.0;
				PRODUCT_BUNDLE_IDENTIFIER = com.androsenkoartem.ArtCoverCollectionView;
				PRODUCT_NAME = "$(TARGET_NAME)";
				SWIFT_EMIT_LOC_STRINGS = YES;
				SWIFT_VERSION = 5.0;
				TARGETED_DEVICE_FAMILY = "1,2";
			};
			name = Release;
		};
/* End XCBuildConfiguration section */

/* Begin XCConfigurationList section */
		DD17F7922919991C00B72ADB /* Build configuration list for PBXProject "ArtCoverCollectionView" */ = {
			isa = XCConfigurationList;
			buildConfigurations = (
				DD17F7A92919992000B72ADB /* Debug */,
				DD17F7AA2919992000B72ADB /* Release */,
			);
			defaultConfigurationIsVisible = 0;
			defaultConfigurationName = Release;
		};
		DD17F7AB2919992000B72ADB /* Build configuration list for PBXNativeTarget "ArtCoverCollectionView" */ = {
			isa = XCConfigurationList;
			buildConfigurations = (
				DD17F7AC2919992000B72ADB /* Debug */,
				DD17F7AD2919992000B72ADB /* Release */,
			);
			defaultConfigurationIsVisible = 0;
			defaultConfigurationName = Release;
		};
/* End XCConfigurationList section */
	};
	rootObject = DD17F78F2919991C00B72ADB /* Project object */;
}
